// !$*UTF8*$!
{
	archiveVersion = 1;
	classes = {
	};
	objectVersion = 54;
	objects = {

/* Begin PBXBuildFile section */
		AABBCCDD0000000000000001 /* DoubleTapTalkApp.swift in Sources */ = {isa = PBXBuildFile; fileRef = AABBCCDD0000000000000101 /* DoubleTapTalkApp.swift */; };
/* End PBXBuildFile section */

